
Microsoft Visual Studio Solution File, Format Version 12.00
Project("{FAE04EC0-301F-11D3-BF4B-00C04F79EFBC}") = "SkillForge", "SkillForge\SkillForge.csproj", "{6DB9C48D-7472-4B00-BBF4-9616A7430922}"
EndProject
Global
	GlobalSection(SolutionConfigurationPlatforms) = preSolution
		Debug|Any CPU = Debug|Any CPU
		Release|Any CPU = Release|Any CPU
	EndGlobalSection
	GlobalSection(ProjectConfigurationPlatforms) = postSolution
		{6DB9C48D-7472-4B00-BBF4-9616A7430922}.Debug|Any CPU.ActiveCfg = Debug|Any CPU
		{6DB9C48D-7472-4B00-BBF4-9616A7430922}.Debug|Any CPU.Build.0 = Debug|Any CPU
		{6DB9C48D-7472-4B00-BBF4-9616A7430922}.Release|Any CPU.ActiveCfg = Release|Any CPU
		{6DB9C48D-7472-4B00-BBF4-9616A7430922}.Release|Any CPU.Build.0 = Release|Any CPU
	EndGlobalSection
EndGlobal
